
Microsoft Visual Studio Solution File, Format Version 12.00
# Visual Studio Version 17
VisualStudioVersion = 17.8.34309.116
MinimumVisualStudioVersion = 10.0.40219.1
Project("{FAE04EC0-301F-11D3-BF4B-00C04F79EFBC}") = "project work", "project work\project work.csproj", "{BC8DEF21-0307-44B1-A680-0732EB243AB5}"
EndProject
Global
	GlobalSection(SolutionConfigurationPlatforms) = preSolution
		Debug|Any CPU = Debug|Any CPU
		Release|Any CPU = Release|Any CPU
	EndGlobalSection
	GlobalSection(ProjectConfigurationPlatforms) = postSolution
		{BC8DEF21-0307-44B1-A680-0732EB243AB5}.Debug|Any CPU.ActiveCfg = Debug|Any CPU
		{BC8DEF21-0307-44B1-A680-0732EB243AB5}.Debug|Any CPU.Build.0 = Debug|Any CPU
		{BC8DEF21-0307-44B1-A680-0732EB243AB5}.Release|Any CPU.ActiveCfg = Release|Any CPU
		{BC8DEF21-0307-44B1-A680-0732EB243AB5}.Release|Any CPU.Build.0 = Release|Any CPU
	EndGlobalSection
	GlobalSection(SolutionProperties) = preSolution
		HideSolutionNode = FALSE
	EndGlobalSection
	GlobalSection(ExtensibilityGlobals) = postSolution
		SolutionGuid = {27836314-C096-4582-AA7D-5AC0F03D961D}
	EndGlobalSection
EndGlobal
